
Microsoft Visual Studio Solution File, Format Version 12.00
# Visual Studio Version 16
VisualStudioVersion = 16.0.31729.503
MinimumVisualStudioVersion = 10.0.40219.1
Project("{FAE04EC0-301F-11D3-BF4B-00C04F79EFBC}") = "SLeepApnea.Server", "Server\SLeepApnea.Server.csproj", "{9E3A5384-8A15-4D03-84FE-B9CB38A2880A}"
EndProject
Project("{FAE04EC0-301F-11D3-BF4B-00C04F79EFBC}") = "SLeepApnea.Client", "Client\SLeepApnea.Client.csproj", "{96BB09B1-2391-47D3-BD5E-474E78C15FD3}"
EndProject
Project("{FAE04EC0-301F-11D3-BF4B-00C04F79EFBC}") = "SLeepApnea.Shared", "Shared\SLeepApnea.Shared.csproj", "{F2CB33D7-BAA6-46C3-937A-6CD7E518899B}"
EndProject
Global
	GlobalSection(SolutionConfigurationPlatforms) = preSolution
		Debug|Any CPU = Debug|Any CPU
		Release|Any CPU = Release|Any CPU
	EndGlobalSection
	GlobalSection(ProjectConfigurationPlatforms) = postSolution
		{9E3A5384-8A15-4D03-84FE-B9CB38A2880A}.Debug|Any CPU.ActiveCfg = Debug|Any CPU
		{9E3A5384-8A15-4D03-84FE-B9CB38A2880A}.Debug|Any CPU.Build.0 = Debug|Any CPU
		{9E3A5384-8A15-4D03-84FE-B9CB38A2880A}.Release|Any CPU.ActiveCfg = Release|Any CPU
		{9E3A5384-8A15-4D03-84FE-B9CB38A2880A}.Release|Any CPU.Build.0 = Release|Any CPU
		{96BB09B1-2391-47D3-BD5E-474E78C15FD3}.Debug|Any CPU.ActiveCfg = Debug|Any CPU
		{96BB09B1-2391-47D3-BD5E-474E78C15FD3}.Debug|Any CPU.Build.0 = Debug|Any CPU
		{96BB09B1-2391-47D3-BD5E-474E78C15FD3}.Release|Any CPU.ActiveCfg = Release|Any CPU
		{96BB09B1-2391-47D3-BD5E-474E78C15FD3}.Release|Any CPU.Build.0 = Release|Any CPU
		{F2CB33D7-BAA6-46C3-937A-6CD7E518899B}.Debug|Any CPU.ActiveCfg = Debug|Any CPU
		{F2CB33D7-BAA6-46C3-937A-6CD7E518899B}.Debug|Any CPU.Build.0 = Debug|Any CPU
		{F2CB33D7-BAA6-46C3-937A-6CD7E518899B}.Release|Any CPU.ActiveCfg = Release|Any CPU
		{F2CB33D7-BAA6-46C3-937A-6CD7E518899B}.Release|Any CPU.Build.0 = Release|Any CPU
	EndGlobalSection
	GlobalSection(SolutionProperties) = preSolution
		HideSolutionNode = FALSE
	EndGlobalSection
	GlobalSection(ExtensibilityGlobals) = postSolution
		SolutionGuid = {CCC98423-E56D-4E83-8031-AB5A05325FEF}
	EndGlobalSection
EndGlobal
